
Microsoft Visual Studio Solution File, Format Version 12.00
# Visual Studio Version 17
VisualStudioVersion = 17.7.34031.279
MinimumVisualStudioVersion = 10.0.40219.1
Project("{FAE04EC0-301F-11D3-BF4B-00C04F79EFBC}") = "ejercicio11", "ejercicio11.csproj", "{BB8EAA18-B38A-4BCC-8DF5-1ECC68618DAE}"
EndProject
Global
	GlobalSection(SolutionConfigurationPlatforms) = preSolution
		Debug|Any CPU = Debug|Any CPU
		Release|Any CPU = Release|Any CPU
	EndGlobalSection
	GlobalSection(ProjectConfigurationPlatforms) = postSolution
		{BB8EAA18-B38A-4BCC-8DF5-1ECC68618DAE}.Debug|Any CPU.ActiveCfg = Debug|Any CPU
		{BB8EAA18-B38A-4BCC-8DF5-1ECC68618DAE}.Debug|Any CPU.Build.0 = Debug|Any CPU
		{BB8EAA18-B38A-4BCC-8DF5-1ECC68618DAE}.Release|Any CPU.ActiveCfg = Release|Any CPU
		{BB8EAA18-B38A-4BCC-8DF5-1ECC68618DAE}.Release|Any CPU.Build.0 = Release|Any CPU
	EndGlobalSection
	GlobalSection(SolutionProperties) = preSolution
		HideSolutionNode = FALSE
	EndGlobalSection
	GlobalSection(ExtensibilityGlobals) = postSolution
		SolutionGuid = {EFBA9184-D972-44D1-99D6-430747B51392}
	EndGlobalSection
EndGlobal
